Microsoft Visual Studio Solution File, Format Version 12.00
# Visual Studio Version 17
VisualStudioVersion = 17.0.31912.275
MinimumVisualStudioVersion = 10.0.40219.1
Project("{FAE04EC0-301F-11D3-BF4B-00C04F79EFBC}") = "Kit1_NullAndIndex", "Kit1_NullAndIndex\Kit1_NullAndIndex.csproj", "{2D3B1B55-7F68-4A9A-9F55-111111111111}"
EndProject
Project("{FAE04EC0-301F-11D3-BF4B-00C04F79EFBC}") = "Kit1_NullAndIndex.Tests", "Kit1_NullAndIndex.Tests\Kit1_NullAndIndex.Tests.csproj", "{B0B2A7C0-4A1B-46B8-9E7B-222222222222}"
EndProject
Global
	GlobalSection(SolutionConfigurationPlatforms) = preSolution
		Debug|Any CPU = Debug|Any CPU
		Release|Any CPU = Release|Any CPU
	EndGlobalSection
	GlobalSection(ProjectConfigurationPlatforms) = postSolution
		{2D3B1B55-7F68-4A9A-9F55-111111111111}.Debug|Any CPU.ActiveCfg = Debug|Any CPU
		{2D3B1B55-7F68-4A9A-9F55-111111111111}.Debug|Any CPU.Build.0 = Debug|Any CPU
		{2D3B1B55-7F68-4A9A-9F55-111111111111}.Release|Any CPU.ActiveCfg = Release|Any CPU
		{2D3B1B55-7F68-4A9A-9F55-111111111111}.Release|Any CPU.Build.0 = Release|Any CPU
		{B0B2A7C0-4A1B-46B8-9E7B-222222222222}.Debug|Any CPU.ActiveCfg = Debug|Any CPU
		{B0B2A7C0-4A1B-46B8-9E7B-222222222222}.Debug|Any CPU.Build.0 = Debug|Any CPU
		{B0B2A7C0-4A1B-46B8-9E7B-222222222222}.Release|Any CPU.ActiveCfg = Release|Any CPU
		{B0B2A7C0-4A1B-46B8-9E7B-222222222222}.Release|Any CPU.Build.0 = Release|Any CPU
	EndGlobalSection
	GlobalSection(SolutionProperties) = preSolution
		HideSolutionNode = FALSE
	EndGlobalSection
EndGlobal
